{
    "_meta": {
        "hash": {
            "sha256": "378b621616e2f49f44c75879c1aa3855275800b800ea9c1a4a08f305c4c180f9"
        },
        "requires": {
            "python_version": "3.5"
        },
        "sources": [
            {
                "name": "pypi",
                "url": "https://pypi.org/simple",
                "verify_ssl": true
            }
        ]
    },
    "default": {
        "Django": "*",
        "djangorestframework": "*"
    },
    "develop": {}
}